apiVersion: vendir.k14s.io/v1alpha1
directories:
- contents:
  - git:
      commitTitle: 'Merge pull request #2428 from dexidp/update-ent...'
      sha: a51ed2c4db5cabca3dd9b483b86a3a77bd5fa300
      tags:
      - v2.31.0-45-ga51ed2c4
    path: dex
  - http: {}
    path: pinniped-supervisor
  - http: {}
    path: pinniped-concierge
  path: _upstream/auth-infra
kind: LockConfig
