apiVersion: vendir.k14s.io/v1alpha1
directories:
- contents:
  - git:
      commitTitle: 'Merge pull request #2446 from dexidp/update-base-image...'
      sha: 897ae8d2a30f3e64b4c2d8d01dc911b5e2fcf476
      tags:
      - v2.31.0-29-g897ae8d2
    path: dex
  - http: {}
    path: pinniped-supervisor
  - http: {}
    path: pinniped-concierge
  path: __ytt_lib
kind: LockConfig
